// !$*UTF8*$!
{
	archiveVersion = 1;
	classes = {
	};
	objectVersion = 46;
	objects = {

/* Begin PBXBuildFile section */
		310AE59E1FB4A4120023ADE8 /* main.m in Sources */ = {isa = PBXBuildFile; fileRef = 310AE59D1FB4A4120023ADE8 /* main.m */; };
		310AE5A11FB4A4120023ADE8 /* AppDelegate.m in Sources */ = {isa = PBXBuildFile; fileRef = 310AE5A01FB4A4120023ADE8 /* AppDelegate.m */; };
		310AE5A41FB4A4120023ADE8 /* ViewController.m in Sources */ = {isa = PBXBuildFile; fileRef = 310AE5A31FB4A4120023ADE8 /* ViewController.m */; };
		310AE5A71FB4A4120023ADE8 /* Main.storyboard in Resources */ = {isa = PBXBuildFile; fileRef = 310AE5A51FB4A4120023ADE8 /* Main.storyboard */; };
		310AE5A91FB4A4120023ADE8 /* Assets.xcassets in Resources */ = {isa = PBXBuildFile; fileRef = 310AE5A81FB4A4120023ADE8 /* Assets.xcassets */; };
		310AE5AC1FB4A4120023ADE8 /* LaunchScreen.storyboard in Resources */ = {isa = PBXBuildFile; fileRef = 310AE5AA1FB4A4120023ADE8 /* LaunchScreen.storyboard */; };
		310D23E81FB4AE0F001D33C1 /* NYBarLayer.m in Sources */ = {isa = PBXBuildFile; fileRef = 310D23DF1FB4AE0F001D33C1 /* NYBarLayer.m */; };
		310D23E91FB4AE0F001D33C1 /* NYBarView.m in Sources */ = {isa = PBXBuildFile; fileRef = 310D23E11FB4AE0F001D33C1 /* NYBarView.m */; };
		310D23EA1FB4AE0F001D33C1 /* NYCollectionViewCell.m in Sources */ = {isa = PBXBuildFile; fileRef = 310D23E31FB4AE0F001D33C1 /* NYCollectionViewCell.m */; };
		310D23EB1FB4AE0F001D33C1 /* NYCustomLayout.m in Sources */ = {isa = PBXBuildFile; fileRef = 310D23E51FB4AE0F001D33C1 /* NYCustomLayout.m */; };
		310D23EC1FB4AE0F001D33C1 /* NYScrollChartView.m in Sources */ = {isa = PBXBuildFile; fileRef = 310D23E71FB4AE0F001D33C1 /* NYScrollChartView.m */; };
/* End PBXBuildFile section */

/* Begin PBXFileReference section */
		310AE5991FB4A4120023ADE8 /* Example.app */ = {isa = PBXFileReference; explicitFileType = wrapper.application; includeInIndex = 0; path = Example.app; sourceTree = BUILT_PRODUCTS_DIR; };
		310AE59D1FB4A4120023ADE8 /* main.m */ = {isa = PBXFileReference; lastKnownFileType = sourcecode.c.objc; path = main.m; sourceTree = "<group>"; };
		310AE59F1FB4A4120023ADE8 /* AppDelegate.h */ = {isa = PBXFileReference; lastKnownFileType = sourcecode.c.h; path = AppDelegate.h; sourceTree = "<group>"; };
		310AE5A01FB4A4120023ADE8 /* AppDelegate.m */ = {isa = PBXFileReference; lastKnownFileType = sourcecode.c.objc; path = AppDelegate.m; sourceTree = "<group>"; };
		310AE5A21FB4A4120023ADE8 /* ViewController.h */ = {isa = PBXFileReference; lastKnownFileType = sourcecode.c.h; path = ViewController.h; sourceTree = "<group>"; };
		310AE5A31FB4A4120023ADE8 /* ViewController.m */ = {isa = PBXFileReference; lastKnownFileType = sourcecode.c.objc; path = ViewController.m; sourceTree = "<group>"; };
		310AE5A61FB4A4120023ADE8 /* Base */ = {isa = PBXFileReference; lastKnownFileType = file.storyboard; name = Base; path = Base.lproj/Main.storyboard; sourceTree = "<group>"; };
		310AE5A81FB4A4120023ADE8 /* Assets.xcassets */ = {isa = PBXFileReference; lastKnownFileType = folder.assetcatalog; path = Assets.xcassets; sourceTree = "<group>"; };
		310AE5AB1FB4A4120023ADE8 /* Base */ = {isa = PBXFileReference; lastKnownFileType = file.storyboard; name = Base; path = Base.lproj/LaunchScreen.storyboard; sourceTree = "<group>"; };
		310AE5AD1FB4A4120023ADE8 /* Info.plist */ = {isa = PBXFileReference; lastKnownFileType = text.plist.xml; path = Info.plist; sourceTree = "<group>"; };
		310D23DE1FB4AE0F001D33C1 /* NYBarLayer.h */ = {isa = PBXFileReference; fileEncoding = 4; lastKnownFileType = sourcecode.c.h; path = NYBarLayer.h; sourceTree = "<group>"; };
		310D23DF1FB4AE0F001D33C1 /* NYBarLayer.m */ = {isa = PBXFileReference; fileEncoding = 4; lastKnownFileType = sourcecode.c.objc; path = NYBarLayer.m; sourceTree = "<group>"; };
		310D23E01FB4AE0F001D33C1 /* NYBarView.h */ = {isa = PBXFileReference; fileEncoding = 4; lastKnownFileType = sourcecode.c.h; path = NYBarView.h; sourceTree = "<group>"; };
		310D23E11FB4AE0F001D33C1 /* NYBarView.m */ = {isa = PBXFileReference; fileEncoding = 4; lastKnownFileType = sourcecode.c.objc; path = NYBarView.m; sourceTree = "<group>"; };
		310D23E21FB4AE0F001D33C1 /* NYCollectionViewCell.h */ = {isa = PBXFileReference; fileEncoding = 4; lastKnownFileType = sourcecode.c.h; path = NYCollectionViewCell.h; sourceTree = "<group>"; };
		310D23E31FB4AE0F001D33C1 /* NYCollectionViewCell.m */ = {isa = PBXFileReference; fileEncoding = 4; lastKnownFileType = sourcecode.c.objc; path = NYCollectionViewCell.m; sourceTree = "<group>"; };
		310D23E41FB4AE0F001D33C1 /* NYCustomLayout.h */ = {isa = PBXFileReference; fileEncoding = 4; lastKnownFileType = sourcecode.c.h; path = NYCustomLayout.h; sourceTree = "<group>"; };
		310D23E51FB4AE0F001D33C1 /* NYCustomLayout.m */ = {isa = PBXFileReference; fileEncoding = 4; lastKnownFileType = sourcecode.c.objc; path = NYCustomLayout.m; sourceTree = "<group>"; };
		310D23E61FB4AE0F001D33C1 /* NYScrollChartView.h */ = {isa = PBXFileReference; fileEncoding = 4; lastKnownFileType = sourcecode.c.h; path = NYScrollChartView.h; sourceTree = "<group>"; };
		310D23E71FB4AE0F001D33C1 /* NYScrollChartView.m */ = {isa = PBXFileReference; fileEncoding = 4; lastKnownFileType = sourcecode.c.objc; path = NYScrollChartView.m; sourceTree = "<group>"; };
/* End PBXFileReference section */

/* Begin PBXFrameworksBuildPhase section */
		310AE5961FB4A4120023ADE8 /* Frameworks */ = {
			isa = PBXFrameworksBuildPhase;
			buildActionMask = 2147483647;
			files = (
			);
			runOnlyForDeploymentPostprocessing = 0;
		};
/* End PBXFrameworksBuildPhase section */

/* Begin PBXGroup section */
		310AE5901FB4A4120023ADE8 = {
			isa = PBXGroup;
			children = (
				310AE59B1FB4A4120023ADE8 /* Example */,
				310AE59A1FB4A4120023ADE8 /* Products */,
			);
			sourceTree = "<group>";
		};
		310AE59A1FB4A4120023ADE8 /* Products */ = {
			isa = PBXGroup;
			children = (
				310AE5991FB4A4120023ADE8 /* Example.app */,
			);
			name = Products;
			sourceTree = "<group>";
		};
		310AE59B1FB4A4120023ADE8 /* Example */ = {
			isa = PBXGroup;
			children = (
				310D23DD1FB4AE0F001D33C1 /* NYChartView */,
				310AE59F1FB4A4120023ADE8 /* AppDelegate.h */,
				310AE5A01FB4A4120023ADE8 /* AppDelegate.m */,
				310AE5A21FB4A4120023ADE8 /* ViewController.h */,
				310AE5A31FB4A4120023ADE8 /* ViewController.m */,
				310AE5A51FB4A4120023ADE8 /* Main.storyboard */,
				310AE5A81FB4A4120023ADE8 /* Assets.xcassets */,
				310AE5AA1FB4A4120023ADE8 /* LaunchScreen.storyboard */,
				310AE5AD1FB4A4120023ADE8 /* Info.plist */,
				310AE59C1FB4A4120023ADE8 /* Supporting Files */,
			);
			path = Example;
			sourceTree = "<group>";
		};
		310AE59C1FB4A4120023ADE8 /* Supporting Files */ = {
			isa = PBXGroup;
			children = (
				310AE59D1FB4A4120023ADE8 /* main.m */,
			);
			name = "Supporting Files";
			sourceTree = "<group>";
		};
		310D23DD1FB4AE0F001D33C1 /* NYChartView */ = {
			isa = PBXGroup;
			children = (
				310D23DE1FB4AE0F001D33C1 /* NYBarLayer.h */,
				310D23DF1FB4AE0F001D33C1 /* NYBarLayer.m */,
				310D23E01FB4AE0F001D33C1 /* NYBarView.h */,
				310D23E11FB4AE0F001D33C1 /* NYBarView.m */,
				310D23E21FB4AE0F001D33C1 /* NYCollectionViewCell.h */,
				310D23E31FB4AE0F001D33C1 /* NYCollectionViewCell.m */,
				310D23E41FB4AE0F001D33C1 /* NYCustomLayout.h */,
				310D23E51FB4AE0F001D33C1 /* NYCustomLayout.m */,
				310D23E61FB4AE0F001D33C1 /* NYScrollChartView.h */,
				310D23E71FB4AE0F001D33C1 /* NYScrollChartView.m */,
			);
			name = NYChartView;
			path = ../../NYChartView;
			sourceTree = "<group>";
		};
/* End PBXGroup section */

/* Begin PBXNativeTarget section */
		310AE5981FB4A4120023ADE8 /* Example */ = {
			isa = PBXNativeTarget;
			buildConfigurationList = 310AE5B01FB4A4120023ADE8 /* Build configuration list for PBXNativeTarget "Example" */;
			buildPhases = (
				310AE5951FB4A4120023ADE8 /* Sources */,
				310AE5961FB4A4120023ADE8 /* Frameworks */,
				310AE5971FB4A4120023ADE8 /* Resources */,
			);
			buildRules = (
			);
			dependencies = (
			);
			name = Example;
			productName = Example;
			productReference = 310AE5991FB4A4120023ADE8 /* Example.app */;
			productType = "com.apple.product-type.application";
		};
/* End PBXNativeTarget section */

/* Begin PBXProject section */
		310AE5911FB4A4120023ADE8 /* Project object */ = {
			isa = PBXProject;
			attributes = {
				LastUpgradeCheck = 0820;
				ORGANIZATIONNAME = Jany;
				TargetAttributes = {
					310AE5981FB4A4120023ADE8 = {
						CreatedOnToolsVersion = 8.2.1;
						DevelopmentTeam = 42NQDJ4LVM;
						ProvisioningStyle = Automatic;
					};
				};
			};
			buildConfigurationList = 310AE5941FB4A4120023ADE8 /* Build configuration list for PBXProject "Example" */;
			compatibilityVersion = "Xcode 3.2";
			developmentRegion = English;
			hasScannedForEncodings = 0;
			knownRegions = (
				en,
				Base,
			);
			mainGroup = 310AE5901FB4A4120023ADE8;
			productRefGroup = 310AE59A1FB4A4120023ADE8 /* Products */;
			projectDirPath = "";
			projectRoot = "";
			targets = (
				310AE5981FB4A4120023ADE8 /* Example */,
			);
		};
/* End PBXProject section */

/* Begin PBXResourcesBuildPhase section */
		310AE5971FB4A4120023ADE8 /* Resources */ = {
			isa = PBXResourcesBuildPhase;
			buildActionMask = 2147483647;
			files = (
				310AE5AC1FB4A4120023ADE8 /* LaunchScreen.storyboard in Resources */,
				310AE5A91FB4A4120023ADE8 /* Assets.xcassets in Resources */,
				310AE5A71FB4A4120023ADE8 /* Main.storyboard in Resources */,
			);
			runOnlyForDeploymentPostprocessing = 0;
		};
/* End PBXResourcesBuildPhase section */

/* Begin PBXSourcesBuildPhase section */
		310AE5951FB4A4120023ADE8 /* Sources */ = {
			isa = PBXSourcesBuildPhase;
			buildActionMask = 2147483647;
			files = (
				310D23E91FB4AE0F001D33C1 /* NYBarView.m in Sources */,
				310D23EC1FB4AE0F001D33C1 /* NYScrollChartView.m in Sources */,
				310D23EA1FB4AE0F001D33C1 /* NYCollectionViewCell.m in Sources */,
				310D23E81FB4AE0F001D33C1 /* NYBarLayer.m in Sources */,
				310D23EB1FB4AE0F001D33C1 /* NYCustomLayout.m in Sources */,
				310AE5A41FB4A4120023ADE8 /* ViewController.m in Sources */,
				310AE5A11FB4A4120023ADE8 /* AppDelegate.m in Sources */,
				310AE59E1FB4A4120023ADE8 /* main.m in Sources */,
			);
			runOnlyForDeploymentPostprocessing = 0;
		};
/* End PBXSourcesBuildPhase section */

/* Begin PBXVariantGroup section */
		310AE5A51FB4A4120023ADE8 /* Main.storyboard */ = {
			isa = PBXVariantGroup;
			children = (
				310AE5A61FB4A4120023ADE8 /* Base */,
			);
			name = Main.storyboard;
			sourceTree = "<group>";
		};
		310AE5AA1FB4A4120023ADE8 /* LaunchScreen.storyboard */ = {
			isa = PBXVariantGroup;
			children = (
				310AE5AB1FB4A4120023ADE8 /* Base */,
			);
			name = LaunchScreen.storyboard;
			sourceTree = "<group>";
		};
/* End PBXVariantGroup section */

/* Begin XCBuildConfiguration section */
		310AE5AE1FB4A4120023ADE8 /* Debug */ = {
			isa = XCBuildConfiguration;
			buildSettings = {
				ALWAYS_SEARCH_USER_PATHS = NO;
				CLANG_ANALYZER_NONNULL = YES;
				CLANG_CXX_LANGUAGE_STANDARD = "gnu++0x";
				CLANG_CXX_LIBRARY = "libc++";
				CLANG_ENABLE_MODULES = YES;
				CLANG_ENABLE_OBJC_ARC = YES;
				CLANG_WARN_BOOL_CONVERSION = YES;
				CLANG_WARN_CONSTANT_CONVERSION = YES;
				CLANG_WARN_DIRECT_OBJC_ISA_USAGE = YES_ERROR;
				CLANG_WARN_DOCUMENTATION_COMMENTS = YES;
				CLANG_WARN_EMPTY_BODY = YES;
				CLANG_WARN_ENUM_CONVERSION = YES;
				CLANG_WARN_INFINITE_RECURSION = YES;
				CLANG_WARN_INT_CONVERSION = YES;
				CLANG_WARN_OBJC_ROOT_CLASS = YES_ERROR;
				CLANG_WARN_SUSPICIOUS_MOVE = YES;
				CLANG_WARN_UNREACHABLE_CODE = YES;
				CLANG_WARN__DUPLICATE_METHOD_MATCH = YES;
				"CODE_SIGN_IDENTITY[sdk=iphoneos*]" = "iPhone Developer";
				COPY_PHASE_STRIP = NO;
				DEBUG_INFORMATION_FORMAT = dwarf;
				ENABLE_STRICT_OBJC_MSGSEND = YES;
				ENABLE_TESTABILITY = YES;
				GCC_C_LANGUAGE_STANDARD = gnu99;
				GCC_DYNAMIC_NO_PIC = NO;
				GCC_NO_COMMON_BLOCKS = YES;
				GCC_OPTIMIZATION_LEVEL = 0;
				GCC_PREPROCESSOR_DEFINITIONS = (
					"DEBUG=1",
					"$(inherited)",
				);
				GCC_WARN_64_TO_32_BIT_CONVERSION = YES;
				GCC_WARN_ABOUT_RETURN_TYPE = YES_ERROR;
				GCC_WARN_UNDECLARED_SELECTOR = YES;
				GCC_WARN_UNINITIALIZED_AUTOS = YES_AGGRESSIVE;
				GCC_WARN_UNUSED_FUNCTION = YES;
				GCC_WARN_UNUSED_VARIABLE = YES;
				IPHONEOS_DEPLOYMENT_TARGET = 10.2;
				MTL_ENABLE_DEBUG_INFO = YES;
				ONLY_ACTIVE_ARCH = YES;
				SDKROOT = iphoneos;
			};
			name = Debug;
		};
		310AE5AF1FB4A4120023ADE8 /* Release */ = {
			isa = XCBuildConfiguration;
			buildSettings = {
				ALWAYS_SEARCH_USER_PATHS = NO;
				CLANG_ANALYZER_NONNULL = YES;
				CLANG_CXX_LANGUAGE_STANDARD = "gnu++0x";
				CLANG_CXX_LIBRARY = "libc++";
				CLANG_ENABLE_MODULES = YES;
				CLANG_ENABLE_OBJC_ARC = YES;
				CLANG_WARN_BOOL_CONVERSION = YES;
				CLANG_WARN_CONSTANT_CONVERSION = YES;
				CLANG_WARN_DIRECT_OBJC_ISA_USAGE = YES_ERROR;
				CLANG_WARN_DOCUMENTATION_COMMENTS = YES;
				CLANG_WARN_EMPTY_BODY = YES;
				CLANG_WARN_ENUM_CONVERSION = YES;
				CLANG_WARN_INFINITE_RECURSION = YES;
				CLANG_WARN_INT_CONVERSION = YES;
				CLANG_WARN_OBJC_ROOT_CLASS = YES_ERROR;
				CLANG_WARN_SUSPICIOUS_MOVE = YES;
				CLANG_WARN_UNREACHABLE_CODE = YES;
				CLANG_WARN__DUPLICATE_METHOD_MATCH = YES;
				"CODE_SIGN_IDENTITY[sdk=iphoneos*]" = "iPhone Developer";
				COPY_PHASE_STRIP = NO;
				DEBUG_INFORMATION_FORMAT = "dwarf-with-dsym";
				ENABLE_NS_ASSERTIONS = NO;
				ENABLE_STRICT_OBJC_MSGSEND = YES;
				GCC_C_LANGUAGE_STANDARD = gnu99;
				GCC_NO_COMMON_BLOCKS = YES;
				GCC_WARN_64_TO_32_BIT_CONVERSION = YES;
				GCC_WARN_ABOUT_RETURN_TYPE = YES_ERROR;
				GCC_WARN_UNDECLARED_SELECTOR = YES;
				GCC_WARN_UNINITIALIZED_AUTOS = YES_AGGRESSIVE;
				GCC_WARN_UNUSED_FUNCTION = YES;
				GCC_WARN_UNUSED_VARIABLE = YES;
				IPHONEOS_DEPLOYMENT_TARGET = 10.2;
				MTL_ENABLE_DEBUG_INFO = NO;
				SDKROOT = iphoneos;
				VALIDATE_PRODUCT = YES;
			};
			name = Release;
		};
		310AE5B11FB4A4120023ADE8 /* Debug */ = {
			isa = XCBuildConfiguration;
			buildSettings = {
				ASSETCATALOG_COMPILER_APPICON_NAME = AppIcon;
				DEVELOPMENT_TEAM = 42NQDJ4LVM;
				INFOPLIST_FILE = Example/Info.plist;
				IPHONEOS_DEPLOYMENT_TARGET = 9.2;
				LD_RUNPATH_SEARCH_PATHS = "$(inherited) @executable_path/Frameworks";
				PRODUCT_BUNDLE_IDENTIFIER = com.Jany.Example;
				PRODUCT_NAME = "$(TARGET_NAME)";
			};
			name = Debug;
		};
		310AE5B21FB4A4120023ADE8 /* Release */ = {
			isa = XCBuildConfiguration;
			buildSettings = {
				ASSETCATALOG_COMPILER_APPICON_NAME = AppIcon;
				DEVELOPMENT_TEAM = 42NQDJ4LVM;
				INFOPLIST_FILE = Example/Info.plist;
				IPHONEOS_DEPLOYMENT_TARGET = 9.2;
				LD_RUNPATH_SEARCH_PATHS = "$(inherited) @executable_path/Frameworks";
				PRODUCT_BUNDLE_IDENTIFIER = com.Jany.Example;
				PRODUCT_NAME = "$(TARGET_NAME)";
			};
			name = Release;
		};
/* End XCBuildConfiguration section */

/* Begin XCConfigurationList section */
		310AE5941FB4A4120023ADE8 /* Build configuration list for PBXProject "Example" */ = {
			isa = XCConfigurationList;
			buildConfigurations = (
				310AE5AE1FB4A4120023ADE8 /* Debug */,
				310AE5AF1FB4A4120023ADE8 /* Release */,
			);
			defaultConfigurationIsVisible = 0;
			defaultConfigurationName = Release;
		};
		310AE5B01FB4A4120023ADE8 /* Build configuration list for PBXNativeTarget "Example" */ = {
			isa = XCConfigurationList;
			buildConfigurations = (
				310AE5B11FB4A4120023ADE8 /* Debug */,
				310AE5B21FB4A4120023ADE8 /* Release */,
			);
			defaultConfigurationIsVisible = 0;
			defaultConfigurationName = Release;
		};
/* End XCConfigurationList section */
	};
	rootObject = 310AE5911FB4A4120023ADE8 /* Project object */;
}
